
Microsoft Visual Studio Solution File, Format Version 12.00
# Visual Studio Version 17
VisualStudioVersion = 17.7.34221.43
MinimumVisualStudioVersion = 10.0.40219.1
Project("{FAE04EC0-301F-11D3-BF4B-00C04F79EFBC}") = "Problem 1", "ConsoleApp2\Problem 1.csproj", "{C0EA05F3-955E-4E98-947F-A57E04B6048D}"
EndProject
Project("{FAE04EC0-301F-11D3-BF4B-00C04F79EFBC}") = "Problem 2", "Problem 2\Problem 2.csproj", "{ABAECA6E-FE95-4BEC-8FB1-219433DFF2EC}"
EndProject
Project("{FAE04EC0-301F-11D3-BF4B-00C04F79EFBC}") = "Problem 3", "Problem 3\Problem 3.csproj", "{ED5A64A1-0E35-4957-8EA2-7DF20A718F19}"
EndProject
Project("{FAE04EC0-301F-11D3-BF4B-00C04F79EFBC}") = "Problem 4", "Problem 4\Problem 4.csproj", "{7F11A6AB-4565-4229-8CCA-E67309152B99}"
EndProject
Global
	GlobalSection(SolutionConfigurationPlatforms) = preSolution
		Debug|Any CPU = Debug|Any CPU
		Release|Any CPU = Release|Any CPU
	EndGlobalSection
	GlobalSection(ProjectConfigurationPlatforms) = postSolution
		{C0EA05F3-955E-4E98-947F-A57E04B6048D}.Debug|Any CPU.ActiveCfg = Debug|Any CPU
		{C0EA05F3-955E-4E98-947F-A57E04B6048D}.Debug|Any CPU.Build.0 = Debug|Any CPU
		{C0EA05F3-955E-4E98-947F-A57E04B6048D}.Release|Any CPU.ActiveCfg = Release|Any CPU
		{C0EA05F3-955E-4E98-947F-A57E04B6048D}.Release|Any CPU.Build.0 = Release|Any CPU
		{ABAECA6E-FE95-4BEC-8FB1-219433DFF2EC}.Debug|Any CPU.ActiveCfg = Debug|Any CPU
		{ABAECA6E-FE95-4BEC-8FB1-219433DFF2EC}.Debug|Any CPU.Build.0 = Debug|Any CPU
		{ABAECA6E-FE95-4BEC-8FB1-219433DFF2EC}.Release|Any CPU.ActiveCfg = Release|Any CPU
		{ABAECA6E-FE95-4BEC-8FB1-219433DFF2EC}.Release|Any CPU.Build.0 = Release|Any CPU
		{ED5A64A1-0E35-4957-8EA2-7DF20A718F19}.Debug|Any CPU.ActiveCfg = Debug|Any CPU
		{ED5A64A1-0E35-4957-8EA2-7DF20A718F19}.Debug|Any CPU.Build.0 = Debug|Any CPU
		{ED5A64A1-0E35-4957-8EA2-7DF20A718F19}.Release|Any CPU.ActiveCfg = Release|Any CPU
		{ED5A64A1-0E35-4957-8EA2-7DF20A718F19}.Release|Any CPU.Build.0 = Release|Any CPU
		{7F11A6AB-4565-4229-8CCA-E67309152B99}.Debug|Any CPU.ActiveCfg = Debug|Any CPU
		{7F11A6AB-4565-4229-8CCA-E67309152B99}.Debug|Any CPU.Build.0 = Debug|Any CPU
		{7F11A6AB-4565-4229-8CCA-E67309152B99}.Release|Any CPU.ActiveCfg = Release|Any CPU
		{7F11A6AB-4565-4229-8CCA-E67309152B99}.Release|Any CPU.Build.0 = Release|Any CPU
	EndGlobalSection
	GlobalSection(SolutionProperties) = preSolution
		HideSolutionNode = FALSE
	EndGlobalSection
	GlobalSection(ExtensibilityGlobals) = postSolution
		SolutionGuid = {42E1047C-E779-4372-84AA-A6DA5527AF5C}
	EndGlobalSection
EndGlobal
